
Microsoft Visual Studio Solution File, Format Version 12.00
# Visual Studio 2013
VisualStudioVersion = 12.0.21005.1
MinimumVisualStudioVersion = 10.0.40219.1
Project("{FAE04EC0-301F-11D3-BF4B-00C04F79EFBC}") = "InheritanceDemo", "InheritanceDemo\InheritanceDemo.csproj", "{800C1D7F-0B6A-4328-94D2-2E8A3D2E84A0}"
EndProject
Project("{FAE04EC0-301F-11D3-BF4B-00C04F79EFBC}") = "ProductLibrary", "ProductLibrary\ProductLibrary.csproj", "{41077589-8E0A-44CB-B4E8-F3E8653A5C38}"
EndProject
Project("{F088123C-0E9E-452A-89E6-6BA2F21D5CAC}") = "ModelingProject1", "ModelingProject1\ModelingProject1.modelproj", "{A4DF3FD0-A76D-4388-8A89-0E95A342FEB2}"
EndProject
Global
	GlobalSection(SolutionConfigurationPlatforms) = preSolution
		Debug|Any CPU = Debug|Any CPU
		Release|Any CPU = Release|Any CPU
	EndGlobalSection
	GlobalSection(ProjectConfigurationPlatforms) = postSolution
		{800C1D7F-0B6A-4328-94D2-2E8A3D2E84A0}.Debug|Any CPU.ActiveCfg = Debug|Any CPU
		{800C1D7F-0B6A-4328-94D2-2E8A3D2E84A0}.Debug|Any CPU.Build.0 = Debug|Any CPU
		{800C1D7F-0B6A-4328-94D2-2E8A3D2E84A0}.Release|Any CPU.ActiveCfg = Release|Any CPU
		{800C1D7F-0B6A-4328-94D2-2E8A3D2E84A0}.Release|Any CPU.Build.0 = Release|Any CPU
		{41077589-8E0A-44CB-B4E8-F3E8653A5C38}.Debug|Any CPU.ActiveCfg = Debug|Any CPU
		{41077589-8E0A-44CB-B4E8-F3E8653A5C38}.Debug|Any CPU.Build.0 = Debug|Any CPU
		{41077589-8E0A-44CB-B4E8-F3E8653A5C38}.Release|Any CPU.ActiveCfg = Release|Any CPU
		{41077589-8E0A-44CB-B4E8-F3E8653A5C38}.Release|Any CPU.Build.0 = Release|Any CPU
		{A4DF3FD0-A76D-4388-8A89-0E95A342FEB2}.Debug|Any CPU.ActiveCfg = Debug|Any CPU
		{A4DF3FD0-A76D-4388-8A89-0E95A342FEB2}.Debug|Any CPU.Build.0 = Debug|Any CPU
		{A4DF3FD0-A76D-4388-8A89-0E95A342FEB2}.Release|Any CPU.ActiveCfg = Release|Any CPU
		{A4DF3FD0-A76D-4388-8A89-0E95A342FEB2}.Release|Any CPU.Build.0 = Release|Any CPU
	EndGlobalSection
	GlobalSection(SolutionProperties) = preSolution
		HideSolutionNode = FALSE
	EndGlobalSection
EndGlobal
