
Microsoft Visual Studio Solution File, Format Version 12.00
# Visual Studio 2013
VisualStudioVersion = 12.0.21005.1
MinimumVisualStudioVersion = 10.0.40219.1
Project("{FAE04EC0-301F-11D3-BF4B-00C04F79EFBC}") = "SwitchDemo", "SwitchDemo\SwitchDemo.csproj", "{4CB2FCE9-FCE3-4519-A7BA-E6E010F9E464}"
EndProject
Project("{FAE04EC0-301F-11D3-BF4B-00C04F79EFBC}") = "Fibonacci_Demo", "Fibonacci_Demo\Fibonacci_Demo.csproj", "{962C6236-EDE3-413D-B7D9-1C6660D2896C}"
EndProject
Project("{FAE04EC0-301F-11D3-BF4B-00C04F79EFBC}") = "PalindromeDemo", "PalindromeDemo\PalindromeDemo.csproj", "{632CF83F-2348-4715-8984-3E563D215A67}"
EndProject
Global
	GlobalSection(SolutionConfigurationPlatforms) = preSolution
		Debug|Any CPU = Debug|Any CPU
		Release|Any CPU = Release|Any CPU
	EndGlobalSection
	GlobalSection(ProjectConfigurationPlatforms) = postSolution
		{4CB2FCE9-FCE3-4519-A7BA-E6E010F9E464}.Debug|Any CPU.ActiveCfg = Debug|Any CPU
		{4CB2FCE9-FCE3-4519-A7BA-E6E010F9E464}.Debug|Any CPU.Build.0 = Debug|Any CPU
		{4CB2FCE9-FCE3-4519-A7BA-E6E010F9E464}.Release|Any CPU.ActiveCfg = Release|Any CPU
		{4CB2FCE9-FCE3-4519-A7BA-E6E010F9E464}.Release|Any CPU.Build.0 = Release|Any CPU
		{962C6236-EDE3-413D-B7D9-1C6660D2896C}.Debug|Any CPU.ActiveCfg = Debug|Any CPU
		{962C6236-EDE3-413D-B7D9-1C6660D2896C}.Debug|Any CPU.Build.0 = Debug|Any CPU
		{962C6236-EDE3-413D-B7D9-1C6660D2896C}.Release|Any CPU.ActiveCfg = Release|Any CPU
		{962C6236-EDE3-413D-B7D9-1C6660D2896C}.Release|Any CPU.Build.0 = Release|Any CPU
		{632CF83F-2348-4715-8984-3E563D215A67}.Debug|Any CPU.ActiveCfg = Debug|Any CPU
		{632CF83F-2348-4715-8984-3E563D215A67}.Debug|Any CPU.Build.0 = Debug|Any CPU
		{632CF83F-2348-4715-8984-3E563D215A67}.Release|Any CPU.ActiveCfg = Release|Any CPU
		{632CF83F-2348-4715-8984-3E563D215A67}.Release|Any CPU.Build.0 = Release|Any CPU
	EndGlobalSection
	GlobalSection(SolutionProperties) = preSolution
		HideSolutionNode = FALSE
	EndGlobalSection
EndGlobal
