
Microsoft Visual Studio Solution File, Format Version 12.00
# Visual Studio 2013
VisualStudioVersion = 12.0.21005.1
MinimumVisualStudioVersion = 10.0.40219.1
Project("{FAE04EC0-301F-11D3-BF4B-00C04F79EFBC}") = "XmlDocumentDemo", "XmlDocumentDemo\XmlDocumentDemo.csproj", "{A4B49C84-3817-4218-A6AA-671F185AF5D7}"
EndProject
Project("{FAE04EC0-301F-11D3-BF4B-00C04F79EFBC}") = "XmlDocumentWriterDemo", "XmlDocumentWriterDemo\XmlDocumentWriterDemo.csproj", "{E92BF78F-05B9-49CF-9A61-987FDFBF1B52}"
EndProject
Project("{FAE04EC0-301F-11D3-BF4B-00C04F79EFBC}") = "XElementDemo", "XElementDemo\XElementDemo.csproj", "{B17CCA1D-F240-4258-AD44-F72F360508E5}"
EndProject
Global
	GlobalSection(SolutionConfigurationPlatforms) = preSolution
		Debug|Any CPU = Debug|Any CPU
		Release|Any CPU = Release|Any CPU
	EndGlobalSection
	GlobalSection(ProjectConfigurationPlatforms) = postSolution
		{A4B49C84-3817-4218-A6AA-671F185AF5D7}.Debug|Any CPU.ActiveCfg = Debug|Any CPU
		{A4B49C84-3817-4218-A6AA-671F185AF5D7}.Debug|Any CPU.Build.0 = Debug|Any CPU
		{A4B49C84-3817-4218-A6AA-671F185AF5D7}.Release|Any CPU.ActiveCfg = Release|Any CPU
		{A4B49C84-3817-4218-A6AA-671F185AF5D7}.Release|Any CPU.Build.0 = Release|Any CPU
		{E92BF78F-05B9-49CF-9A61-987FDFBF1B52}.Debug|Any CPU.ActiveCfg = Debug|Any CPU
		{E92BF78F-05B9-49CF-9A61-987FDFBF1B52}.Debug|Any CPU.Build.0 = Debug|Any CPU
		{E92BF78F-05B9-49CF-9A61-987FDFBF1B52}.Release|Any CPU.ActiveCfg = Release|Any CPU
		{E92BF78F-05B9-49CF-9A61-987FDFBF1B52}.Release|Any CPU.Build.0 = Release|Any CPU
		{B17CCA1D-F240-4258-AD44-F72F360508E5}.Debug|Any CPU.ActiveCfg = Debug|Any CPU
		{B17CCA1D-F240-4258-AD44-F72F360508E5}.Debug|Any CPU.Build.0 = Debug|Any CPU
		{B17CCA1D-F240-4258-AD44-F72F360508E5}.Release|Any CPU.ActiveCfg = Release|Any CPU
		{B17CCA1D-F240-4258-AD44-F72F360508E5}.Release|Any CPU.Build.0 = Release|Any CPU
	EndGlobalSection
	GlobalSection(SolutionProperties) = preSolution
		HideSolutionNode = FALSE
	EndGlobalSection
EndGlobal
